// !$*UTF8*$!
{
	archiveVersion = 1;
	classes = {
	};
	objectVersion = 46;
	objects = {

/* Begin PBXBuildFile section */
		958659861D0B728700DB8FE8 /* GoustoProductAttribute.swift in Sources */ = {isa = PBXBuildFile; fileRef = 958659851D0B728700DB8FE8 /* GoustoProductAttribute.swift */; };
		958659881D0C197E00DB8FE8 /* ProductCell.swift in Sources */ = {isa = PBXBuildFile; fileRef = 958659871D0C197E00DB8FE8 /* ProductCell.swift */; };
		95D6FE011D0AEDE80013BE96 /* AppDelegate.swift in Sources */ = {isa = PBXBuildFile; fileRef = 95D6FE001D0AEDE80013BE96 /* AppDelegate.swift */; };
		95D6FE061D0AEDE80013BE96 /* Main.storyboard in Resources */ = {isa = PBXBuildFile; fileRef = 95D6FE041D0AEDE80013BE96 /* Main.storyboard */; };
		95D6FE081D0AEDE80013BE96 /* Assets.xcassets in Resources */ = {isa = PBXBuildFile; fileRef = 95D6FE071D0AEDE80013BE96 /* Assets.xcassets */; };
		95D6FE0B1D0AEDE80013BE96 /* LaunchScreen.storyboard in Resources */ = {isa = PBXBuildFile; fileRef = 95D6FE091D0AEDE80013BE96 /* LaunchScreen.storyboard */; };
		95D6FE161D0AEDE80013BE96 /* GoustoTrialProjectTests.swift in Sources */ = {isa = PBXBuildFile; fileRef = 95D6FE151D0AEDE80013BE96 /* GoustoTrialProjectTests.swift */; };
		95D6FE211D0AF2910013BE96 /* GoustoFeedStore.swift in Sources */ = {isa = PBXBuildFile; fileRef = 95D6FE201D0AF2910013BE96 /* GoustoFeedStore.swift */; };
		95D6FE231D0AF4730013BE96 /* CategoriesListVC.swift in Sources */ = {isa = PBXBuildFile; fileRef = 95D6FE221D0AF4730013BE96 /* CategoriesListVC.swift */; };
		95D6FE251D0AF4880013BE96 /* ProductsVC.swift in Sources */ = {isa = PBXBuildFile; fileRef = 95D6FE241D0AF4880013BE96 /* ProductsVC.swift */; };
		95D6FE271D0AF5A30013BE96 /* ProductDetailVC.swift in Sources */ = {isa = PBXBuildFile; fileRef = 95D6FE261D0AF5A30013BE96 /* ProductDetailVC.swift */; };
		95D6FE291D0B432B0013BE96 /* StoreConnection.swift in Sources */ = {isa = PBXBuildFile; fileRef = 95D6FE281D0B432B0013BE96 /* StoreConnection.swift */; };
		95D6FE2B1D0B4C0D0013BE96 /* GoustoCategory.swift in Sources */ = {isa = PBXBuildFile; fileRef = 95D6FE2A1D0B4C0D0013BE96 /* GoustoCategory.swift */; };
		95D6FE2F1D0B4C700013BE96 /* GoustoProduct.swift in Sources */ = {isa = PBXBuildFile; fileRef = 95D6FE2E1D0B4C700013BE96 /* GoustoProduct.swift */; };
		95F82F1F1D0C77F200035103 /* Default-568h@2x.png in Resources */ = {isa = PBXBuildFile; fileRef = 95F82F1E1D0C77F200035103 /* Default-568h@2x.png */; };
		95F82F231D0C832400035103 /* DataLoadingVC.swift in Sources */ = {isa = PBXBuildFile; fileRef = 95F82F221D0C832400035103 /* DataLoadingVC.swift */; };
/* End PBXBuildFile section */

/* Begin PBXContainerItemProxy section */
		95D6FE121D0AEDE80013BE96 /* PBXContainerItemProxy */ = {
			isa = PBXContainerItemProxy;
			containerPortal = 95D6FDF51D0AEDE80013BE96 /* Project object */;
			proxyType = 1;
			remoteGlobalIDString = 95D6FDFC1D0AEDE80013BE96;
			remoteInfo = GoustoTrialProject;
		};
/* End PBXContainerItemProxy section */

/* Begin PBXFileReference section */
		958659851D0B728700DB8FE8 /* GoustoProductAttribute.swift */ = {isa = PBXFileReference; fileEncoding = 4; lastKnownFileType = sourcecode.swift; name = GoustoProductAttribute.swift; path = ../GoustoProductAttribute.swift; sourceTree = "<group>"; };
		958659871D0C197E00DB8FE8 /* ProductCell.swift */ = {isa = PBXFileReference; fileEncoding = 4; lastKnownFileType = sourcecode.swift; name = ProductCell.swift; path = ../ProductCell.swift; sourceTree = "<group>"; };
		95D6FDFD1D0AEDE80013BE96 /* GoustoTrialProject.app */ = {isa = PBXFileReference; explicitFileType = wrapper.application; includeInIndex = 0; path = GoustoTrialProject.app; sourceTree = BUILT_PRODUCTS_DIR; };
		95D6FE001D0AEDE80013BE96 /* AppDelegate.swift */ = {isa = PBXFileReference; lastKnownFileType = sourcecode.swift; path = AppDelegate.swift; sourceTree = "<group>"; };
		95D6FE051D0AEDE80013BE96 /* Base */ = {isa = PBXFileReference; lastKnownFileType = file.storyboard; name = Base; path = Base.lproj/Main.storyboard; sourceTree = "<group>"; };
		95D6FE071D0AEDE80013BE96 /* Assets.xcassets */ = {isa = PBXFileReference; lastKnownFileType = folder.assetcatalog; path = Assets.xcassets; sourceTree = "<group>"; };
		95D6FE0A1D0AEDE80013BE96 /* Base */ = {isa = PBXFileReference; lastKnownFileType = file.storyboard; name = Base; path = Base.lproj/LaunchScreen.storyboard; sourceTree = "<group>"; };
		95D6FE0C1D0AEDE80013BE96 /* Info.plist */ = {isa = PBXFileReference; lastKnownFileType = text.plist.xml; path = Info.plist; sourceTree = "<group>"; };
		95D6FE111D0AEDE80013BE96 /* GoustoTrialProjectTests.xctest */ = {isa = PBXFileReference; explicitFileType = wrapper.cfbundle; includeInIndex = 0; path = GoustoTrialProjectTests.xctest; sourceTree = BUILT_PRODUCTS_DIR; };
		95D6FE151D0AEDE80013BE96 /* GoustoTrialProjectTests.swift */ = {isa = PBXFileReference; lastKnownFileType = sourcecode.swift; path = GoustoTrialProjectTests.swift; sourceTree = "<group>"; };
		95D6FE171D0AEDE80013BE96 /* Info.plist */ = {isa = PBXFileReference; lastKnownFileType = text.plist.xml; path = Info.plist; sourceTree = "<group>"; };
		95D6FE201D0AF2910013BE96 /* GoustoFeedStore.swift */ = {isa = PBXFileReference; fileEncoding = 4; lastKnownFileType = sourcecode.swift; name = GoustoFeedStore.swift; path = ../GoustoFeedStore.swift; sourceTree = "<group>"; };
		95D6FE221D0AF4730013BE96 /* CategoriesListVC.swift */ = {isa = PBXFileReference; fileEncoding = 4; lastKnownFileType = sourcecode.swift; name = CategoriesListVC.swift; path = ../CategoriesListVC.swift; sourceTree = "<group>"; };
		95D6FE241D0AF4880013BE96 /* ProductsVC.swift */ = {isa = PBXFileReference; fileEncoding = 4; lastKnownFileType = sourcecode.swift; name = ProductsVC.swift; path = ../ProductsVC.swift; sourceTree = "<group>"; };
		95D6FE261D0AF5A30013BE96 /* ProductDetailVC.swift */ = {isa = PBXFileReference; fileEncoding = 4; lastKnownFileType = sourcecode.swift; name = ProductDetailVC.swift; path = ../ProductDetailVC.swift; sourceTree = "<group>"; };
		95D6FE281D0B432B0013BE96 /* StoreConnection.swift */ = {isa = PBXFileReference; fileEncoding = 4; lastKnownFileType = sourcecode.swift; name = StoreConnection.swift; path = ../StoreConnection.swift; sourceTree = "<group>"; };
		95D6FE2A1D0B4C0D0013BE96 /* GoustoCategory.swift */ = {isa = PBXFileReference; fileEncoding = 4; lastKnownFileType = sourcecode.swift; name = GoustoCategory.swift; path = ../GoustoCategory.swift; sourceTree = "<group>"; };
		95D6FE2E1D0B4C700013BE96 /* GoustoProduct.swift */ = {isa = PBXFileReference; fileEncoding = 4; lastKnownFileType = sourcecode.swift; name = GoustoProduct.swift; path = ../GoustoProduct.swift; sourceTree = "<group>"; };
		95F82F1E1D0C77F200035103 /* Default-568h@2x.png */ = {isa = PBXFileReference; lastKnownFileType = image.png; path = "Default-568h@2x.png"; sourceTree = "<group>"; };
		95F82F221D0C832400035103 /* DataLoadingVC.swift */ = {isa = PBXFileReference; fileEncoding = 4; lastKnownFileType = sourcecode.swift; name = DataLoadingVC.swift; path = ../DataLoadingVC.swift; sourceTree = "<group>"; };
/* End PBXFileReference section */

/* Begin PBXFrameworksBuildPhase section */
		95D6FDFA1D0AEDE80013BE96 /* Frameworks */ = {
			isa = PBXFrameworksBuildPhase;
			buildActionMask = 2147483647;
			files = (
			);
			runOnlyForDeploymentPostprocessing = 0;
		};
		95D6FE0E1D0AEDE80013BE96 /* Frameworks */ = {
			isa = PBXFrameworksBuildPhase;
			buildActionMask = 2147483647;
			files = (
			);
			runOnlyForDeploymentPostprocessing = 0;
		};
/* End PBXFrameworksBuildPhase section */

/* Begin PBXGroup section */
		9500B5771D0F1B5D005301BF /* VIewControllers */ = {
			isa = PBXGroup;
			children = (
				95F82F221D0C832400035103 /* DataLoadingVC.swift */,
				95D6FE221D0AF4730013BE96 /* CategoriesListVC.swift */,
				95D6FE241D0AF4880013BE96 /* ProductsVC.swift */,
				95D6FE261D0AF5A30013BE96 /* ProductDetailVC.swift */,
			);
			name = VIewControllers;
			sourceTree = "<group>";
		};
		9500B5781D0F1CE2005301BF /* Views */ = {
			isa = PBXGroup;
			children = (
				958659871D0C197E00DB8FE8 /* ProductCell.swift */,
			);
			name = Views;
			sourceTree = "<group>";
		};
		95D6FDF41D0AEDE80013BE96 = {
			isa = PBXGroup;
			children = (
				95D6FDFF1D0AEDE80013BE96 /* GoustoTrialProject */,
				95D6FE141D0AEDE80013BE96 /* GoustoTrialProjectTests */,
				95D6FDFE1D0AEDE80013BE96 /* Products */,
			);
			sourceTree = "<group>";
		};
		95D6FDFE1D0AEDE80013BE96 /* Products */ = {
			isa = PBXGroup;
			children = (
				95D6FDFD1D0AEDE80013BE96 /* GoustoTrialProject.app */,
				95D6FE111D0AEDE80013BE96 /* GoustoTrialProjectTests.xctest */,
			);
			name = Products;
			sourceTree = "<group>";
		};
		95D6FDFF1D0AEDE80013BE96 /* GoustoTrialProject */ = {
			isa = PBXGroup;
			children = (
				95D6FE001D0AEDE80013BE96 /* AppDelegate.swift */,
				95D6FE2C1D0B4C1B0013BE96 /* Models */,
				9500B5771D0F1B5D005301BF /* VIewControllers */,
				9500B5781D0F1CE2005301BF /* Views */,
				95D6FE2D1D0B4C260013BE96 /* Store */,
				95D6FE041D0AEDE80013BE96 /* Main.storyboard */,
				95D6FE071D0AEDE80013BE96 /* Assets.xcassets */,
				95D6FE091D0AEDE80013BE96 /* LaunchScreen.storyboard */,
				95F82F1E1D0C77F200035103 /* Default-568h@2x.png */,
				95D6FE0C1D0AEDE80013BE96 /* Info.plist */,
			);
			path = GoustoTrialProject;
			sourceTree = "<group>";
		};
		95D6FE141D0AEDE80013BE96 /* GoustoTrialProjectTests */ = {
			isa = PBXGroup;
			children = (
				95D6FE151D0AEDE80013BE96 /* GoustoTrialProjectTests.swift */,
				95D6FE171D0AEDE80013BE96 /* Info.plist */,
			);
			path = GoustoTrialProjectTests;
			sourceTree = "<group>";
		};
		95D6FE2C1D0B4C1B0013BE96 /* Models */ = {
			isa = PBXGroup;
			children = (
				958659851D0B728700DB8FE8 /* GoustoProductAttribute.swift */,
				95D6FE2E1D0B4C700013BE96 /* GoustoProduct.swift */,
				95D6FE2A1D0B4C0D0013BE96 /* GoustoCategory.swift */,
			);
			name = Models;
			sourceTree = "<group>";
		};
		95D6FE2D1D0B4C260013BE96 /* Store */ = {
			isa = PBXGroup;
			children = (
				95D6FE201D0AF2910013BE96 /* GoustoFeedStore.swift */,
				95D6FE281D0B432B0013BE96 /* StoreConnection.swift */,
			);
			name = Store;
			sourceTree = "<group>";
		};
/* End PBXGroup section */

/* Begin PBXNativeTarget section */
		95D6FDFC1D0AEDE80013BE96 /* GoustoTrialProject */ = {
			isa = PBXNativeTarget;
			buildConfigurationList = 95D6FE1A1D0AEDE80013BE96 /* Build configuration list for PBXNativeTarget "GoustoTrialProject" */;
			buildPhases = (
				95D6FDF91D0AEDE80013BE96 /* Sources */,
				95D6FDFA1D0AEDE80013BE96 /* Frameworks */,
				95D6FDFB1D0AEDE80013BE96 /* Resources */,
			);
			buildRules = (
			);
			dependencies = (
			);
			name = GoustoTrialProject;
			productName = GoustoTrialProject;
			productReference = 95D6FDFD1D0AEDE80013BE96 /* GoustoTrialProject.app */;
			productType = "com.apple.product-type.application";
		};
		95D6FE101D0AEDE80013BE96 /* GoustoTrialProjectTests */ = {
			isa = PBXNativeTarget;
			buildConfigurationList = 95D6FE1D1D0AEDE80013BE96 /* Build configuration list for PBXNativeTarget "GoustoTrialProjectTests" */;
			buildPhases = (
				95D6FE0D1D0AEDE80013BE96 /* Sources */,
				95D6FE0E1D0AEDE80013BE96 /* Frameworks */,
				95D6FE0F1D0AEDE80013BE96 /* Resources */,
			);
			buildRules = (
			);
			dependencies = (
				95D6FE131D0AEDE80013BE96 /* PBXTargetDependency */,
			);
			name = GoustoTrialProjectTests;
			productName = GoustoTrialProjectTests;
			productReference = 95D6FE111D0AEDE80013BE96 /* GoustoTrialProjectTests.xctest */;
			productType = "com.apple.product-type.bundle.unit-test";
		};
/* End PBXNativeTarget section */

/* Begin PBXProject section */
		95D6FDF51D0AEDE80013BE96 /* Project object */ = {
			isa = PBXProject;
			attributes = {
				LastSwiftUpdateCheck = 0730;
				LastUpgradeCheck = 0730;
				ORGANIZATIONNAME = Mashkius;
				TargetAttributes = {
					95D6FDFC1D0AEDE80013BE96 = {
						CreatedOnToolsVersion = 7.3.1;
					};
					95D6FE101D0AEDE80013BE96 = {
						CreatedOnToolsVersion = 7.3.1;
						TestTargetID = 95D6FDFC1D0AEDE80013BE96;
					};
				};
			};
			buildConfigurationList = 95D6FDF81D0AEDE80013BE96 /* Build configuration list for PBXProject "GoustoTrialProject" */;
			compatibilityVersion = "Xcode 3.2";
			developmentRegion = English;
			hasScannedForEncodings = 0;
			knownRegions = (
				en,
				Base,
			);
			mainGroup = 95D6FDF41D0AEDE80013BE96;
			productRefGroup = 95D6FDFE1D0AEDE80013BE96 /* Products */;
			projectDirPath = "";
			projectRoot = "";
			targets = (
				95D6FDFC1D0AEDE80013BE96 /* GoustoTrialProject */,
				95D6FE101D0AEDE80013BE96 /* GoustoTrialProjectTests */,
			);
		};
/* End PBXProject section */

/* Begin PBXResourcesBuildPhase section */
		95D6FDFB1D0AEDE80013BE96 /* Resources */ = {
			isa = PBXResourcesBuildPhase;
			buildActionMask = 2147483647;
			files = (
				95D6FE0B1D0AEDE80013BE96 /* LaunchScreen.storyboard in Resources */,
				95D6FE081D0AEDE80013BE96 /* Assets.xcassets in Resources */,
				95D6FE061D0AEDE80013BE96 /* Main.storyboard in Resources */,
				95F82F1F1D0C77F200035103 /* Default-568h@2x.png in Resources */,
			);
			runOnlyForDeploymentPostprocessing = 0;
		};
		95D6FE0F1D0AEDE80013BE96 /* Resources */ = {
			isa = PBXResourcesBuildPhase;
			buildActionMask = 2147483647;
			files = (
			);
			runOnlyForDeploymentPostprocessing = 0;
		};
/* End PBXResourcesBuildPhase section */

/* Begin PBXSourcesBuildPhase section */
		95D6FDF91D0AEDE80013BE96 /* Sources */ = {
			isa = PBXSourcesBuildPhase;
			buildActionMask = 2147483647;
			files = (
				95D6FE2F1D0B4C700013BE96 /* GoustoProduct.swift in Sources */,
				95D6FE251D0AF4880013BE96 /* ProductsVC.swift in Sources */,
				95D6FE291D0B432B0013BE96 /* StoreConnection.swift in Sources */,
				95F82F231D0C832400035103 /* DataLoadingVC.swift in Sources */,
				95D6FE271D0AF5A30013BE96 /* ProductDetailVC.swift in Sources */,
				958659861D0B728700DB8FE8 /* GoustoProductAttribute.swift in Sources */,
				95D6FE2B1D0B4C0D0013BE96 /* GoustoCategory.swift in Sources */,
				95D6FE231D0AF4730013BE96 /* CategoriesListVC.swift in Sources */,
				958659881D0C197E00DB8FE8 /* ProductCell.swift in Sources */,
				95D6FE011D0AEDE80013BE96 /* AppDelegate.swift in Sources */,
				95D6FE211D0AF2910013BE96 /* GoustoFeedStore.swift in Sources */,
			);
			runOnlyForDeploymentPostprocessing = 0;
		};
		95D6FE0D1D0AEDE80013BE96 /* Sources */ = {
			isa = PBXSourcesBuildPhase;
			buildActionMask = 2147483647;
			files = (
				95D6FE161D0AEDE80013BE96 /* GoustoTrialProjectTests.swift in Sources */,
			);
			runOnlyForDeploymentPostprocessing = 0;
		};
/* End PBXSourcesBuildPhase section */

/* Begin PBXTargetDependency section */
		95D6FE131D0AEDE80013BE96 /* PBXTargetDependency */ = {
			isa = PBXTargetDependency;
			target = 95D6FDFC1D0AEDE80013BE96 /* GoustoTrialProject */;
			targetProxy = 95D6FE121D0AEDE80013BE96 /* PBXContainerItemProxy */;
		};
/* End PBXTargetDependency section */

/* Begin PBXVariantGroup section */
		95D6FE041D0AEDE80013BE96 /* Main.storyboard */ = {
			isa = PBXVariantGroup;
			children = (
				95D6FE051D0AEDE80013BE96 /* Base */,
			);
			name = Main.storyboard;
			sourceTree = "<group>";
		};
		95D6FE091D0AEDE80013BE96 /* LaunchScreen.storyboard */ = {
			isa = PBXVariantGroup;
			children = (
				95D6FE0A1D0AEDE80013BE96 /* Base */,
			);
			name = LaunchScreen.storyboard;
			sourceTree = "<group>";
		};
/* End PBXVariantGroup section */

/* Begin XCBuildConfiguration section */
		95D6FE181D0AEDE80013BE96 /* Debug */ = {
			isa = XCBuildConfiguration;
			buildSettings = {
				ALWAYS_SEARCH_USER_PATHS = NO;
				CLANG_ANALYZER_NONNULL = YES;
				CLANG_CXX_LANGUAGE_STANDARD = "gnu++0x";
				CLANG_CXX_LIBRARY = "libc++";
				CLANG_ENABLE_MODULES = YES;
				CLANG_ENABLE_OBJC_ARC = YES;
				CLANG_WARN_BOOL_CONVERSION = YES;
				CLANG_WARN_CONSTANT_CONVERSION = YES;
				CLANG_WARN_DIRECT_OBJC_ISA_USAGE = YES_ERROR;
				CLANG_WARN_EMPTY_BODY = YES;
				CLANG_WARN_ENUM_CONVERSION = YES;
				CLANG_WARN_INT_CONVERSION = YES;
				CLANG_WARN_OBJC_ROOT_CLASS = YES_ERROR;
				CLANG_WARN_UNREACHABLE_CODE = YES;
				CLANG_WARN__DUPLICATE_METHOD_MATCH = YES;
				"CODE_SIGN_IDENTITY[sdk=iphoneos*]" = "iPhone Developer";
				COPY_PHASE_STRIP = NO;
				DEBUG_INFORMATION_FORMAT = dwarf;
				ENABLE_STRICT_OBJC_MSGSEND = YES;
				ENABLE_TESTABILITY = YES;
				GCC_C_LANGUAGE_STANDARD = gnu99;
				GCC_DYNAMIC_NO_PIC = NO;
				GCC_NO_COMMON_BLOCKS = YES;
				GCC_OPTIMIZATION_LEVEL = 0;
				GCC_PREPROCESSOR_DEFINITIONS = (
					"DEBUG=1",
					"$(inherited)",
				);
				GCC_WARN_64_TO_32_BIT_CONVERSION = YES;
				GCC_WARN_ABOUT_RETURN_TYPE = YES_ERROR;
				GCC_WARN_UNDECLARED_SELECTOR = YES;
				GCC_WARN_UNINITIALIZED_AUTOS = YES_AGGRESSIVE;
				GCC_WARN_UNUSED_FUNCTION = YES;
				GCC_WARN_UNUSED_VARIABLE = YES;
				IPHONEOS_DEPLOYMENT_TARGET = 9.3;
				MTL_ENABLE_DEBUG_INFO = YES;
				ONLY_ACTIVE_ARCH = YES;
				SDKROOT = iphoneos;
				SWIFT_OPTIMIZATION_LEVEL = "-Onone";
			};
			name = Debug;
		};
		95D6FE191D0AEDE80013BE96 /* Release */ = {
			isa = XCBuildConfiguration;
			buildSettings = {
				ALWAYS_SEARCH_USER_PATHS = NO;
				CLANG_ANALYZER_NONNULL = YES;
				CLANG_CXX_LANGUAGE_STANDARD = "gnu++0x";
				CLANG_CXX_LIBRARY = "libc++";
				CLANG_ENABLE_MODULES = YES;
				CLANG_ENABLE_OBJC_ARC = YES;
				CLANG_WARN_BOOL_CONVERSION = YES;
				CLANG_WARN_CONSTANT_CONVERSION = YES;
				CLANG_WARN_DIRECT_OBJC_ISA_USAGE = YES_ERROR;
				CLANG_WARN_EMPTY_BODY = YES;
				CLANG_WARN_ENUM_CONVERSION = YES;
				CLANG_WARN_INT_CONVERSION = YES;
				CLANG_WARN_OBJC_ROOT_CLASS = YES_ERROR;
				CLANG_WARN_UNREACHABLE_CODE = YES;
				CLANG_WARN__DUPLICATE_METHOD_MATCH = YES;
				"CODE_SIGN_IDENTITY[sdk=iphoneos*]" = "iPhone Developer";
				COPY_PHASE_STRIP = NO;
				DEBUG_INFORMATION_FORMAT = "dwarf-with-dsym";
				ENABLE_NS_ASSERTIONS = NO;
				ENABLE_STRICT_OBJC_MSGSEND = YES;
				GCC_C_LANGUAGE_STANDARD = gnu99;
				GCC_NO_COMMON_BLOCKS = YES;
				GCC_WARN_64_TO_32_BIT_CONVERSION = YES;
				GCC_WARN_ABOUT_RETURN_TYPE = YES_ERROR;
				GCC_WARN_UNDECLARED_SELECTOR = YES;
				GCC_WARN_UNINITIALIZED_AUTOS = YES_AGGRESSIVE;
				GCC_WARN_UNUSED_FUNCTION = YES;
				GCC_WARN_UNUSED_VARIABLE = YES;
				IPHONEOS_DEPLOYMENT_TARGET = 9.3;
				MTL_ENABLE_DEBUG_INFO = NO;
				SDKROOT = iphoneos;
				VALIDATE_PRODUCT = YES;
			};
			name = Release;
		};
		95D6FE1B1D0AEDE80013BE96 /* Debug */ = {
			isa = XCBuildConfiguration;
			buildSettings = {
				ASSETCATALOG_COMPILER_APPICON_NAME = AppIcon;
				INFOPLIST_FILE = GoustoTrialProject/Info.plist;
				LD_RUNPATH_SEARCH_PATHS = "$(inherited) @executable_path/Frameworks";
				PRODUCT_BUNDLE_IDENTIFIER = mashkius.GoustoTrialProject;
				PRODUCT_NAME = "$(TARGET_NAME)";
			};
			name = Debug;
		};
		95D6FE1C1D0AEDE80013BE96 /* Release */ = {
			isa = XCBuildConfiguration;
			buildSettings = {
				ASSETCATALOG_COMPILER_APPICON_NAME = AppIcon;
				INFOPLIST_FILE = GoustoTrialProject/Info.plist;
				LD_RUNPATH_SEARCH_PATHS = "$(inherited) @executable_path/Frameworks";
				PRODUCT_BUNDLE_IDENTIFIER = mashkius.GoustoTrialProject;
				PRODUCT_NAME = "$(TARGET_NAME)";
			};
			name = Release;
		};
		95D6FE1E1D0AEDE80013BE96 /* Debug */ = {
			isa = XCBuildConfiguration;
			buildSettings = {
				BUNDLE_LOADER = "$(TEST_HOST)";
				INFOPLIST_FILE = GoustoTrialProjectTests/Info.plist;
				LD_RUNPATH_SEARCH_PATHS = "$(inherited) @executable_path/Frameworks @loader_path/Frameworks";
				PRODUCT_BUNDLE_IDENTIFIER = mashkius.GoustoTrialProjectTests;
				PRODUCT_NAME = "$(TARGET_NAME)";
				TEST_HOST = "$(BUILT_PRODUCTS_DIR)/GoustoTrialProject.app/GoustoTrialProject";
			};
			name = Debug;
		};
		95D6FE1F1D0AEDE80013BE96 /* Release */ = {
			isa = XCBuildConfiguration;
			buildSettings = {
				BUNDLE_LOADER = "$(TEST_HOST)";
				INFOPLIST_FILE = GoustoTrialProjectTests/Info.plist;
				LD_RUNPATH_SEARCH_PATHS = "$(inherited) @executable_path/Frameworks @loader_path/Frameworks";
				PRODUCT_BUNDLE_IDENTIFIER = mashkius.GoustoTrialProjectTests;
				PRODUCT_NAME = "$(TARGET_NAME)";
				TEST_HOST = "$(BUILT_PRODUCTS_DIR)/GoustoTrialProject.app/GoustoTrialProject";
			};
			name = Release;
		};
/* End XCBuildConfiguration section */

/* Begin XCConfigurationList section */
		95D6FDF81D0AEDE80013BE96 /* Build configuration list for PBXProject "GoustoTrialProject" */ = {
			isa = XCConfigurationList;
			buildConfigurations = (
				95D6FE181D0AEDE80013BE96 /* Debug */,
				95D6FE191D0AEDE80013BE96 /* Release */,
			);
			defaultConfigurationIsVisible = 0;
			defaultConfigurationName = Release;
		};
		95D6FE1A1D0AEDE80013BE96 /* Build configuration list for PBXNativeTarget "GoustoTrialProject" */ = {
			isa = XCConfigurationList;
			buildConfigurations = (
				95D6FE1B1D0AEDE80013BE96 /* Debug */,
				95D6FE1C1D0AEDE80013BE96 /* Release */,
			);
			defaultConfigurationIsVisible = 0;
			defaultConfigurationName = Release;
		};
		95D6FE1D1D0AEDE80013BE96 /* Build configuration list for PBXNativeTarget "GoustoTrialProjectTests" */ = {
			isa = XCConfigurationList;
			buildConfigurations = (
				95D6FE1E1D0AEDE80013BE96 /* Debug */,
				95D6FE1F1D0AEDE80013BE96 /* Release */,
			);
			defaultConfigurationIsVisible = 0;
			defaultConfigurationName = Release;
		};
/* End XCConfigurationList section */
	};
	rootObject = 95D6FDF51D0AEDE80013BE96 /* Project object */;
}
